
Microsoft Visual Studio Solution File, Format Version 12.00
# Visual Studio Version 16
VisualStudioVersion = 16.0.31624.102
MinimumVisualStudioVersion = 10.0.40219.1
Project("{8BC9CEB8-8B4A-11D0-8D11-00A0C91BC942}") = "ООП_4", "ООП_4\ООП_4.vcxproj", "{B3397652-1A55-4423-940F-57A712175D57}"
EndProject
Global
	GlobalSection(SolutionConfigurationPlatforms) = preSolution
		Debug|x64 = Debug|x64
		Debug|x86 = Debug|x86
		Release|x64 = Release|x64
		Release|x86 = Release|x86
	EndGlobalSection
	GlobalSection(ProjectConfigurationPlatforms) = postSolution
		{B3397652-1A55-4423-940F-57A712175D57}.Debug|x64.ActiveCfg = Debug|x64
		{B3397652-1A55-4423-940F-57A712175D57}.Debug|x64.Build.0 = Debug|x64
		{B3397652-1A55-4423-940F-57A712175D57}.Debug|x86.ActiveCfg = Debug|Win32
		{B3397652-1A55-4423-940F-57A712175D57}.Debug|x86.Build.0 = Debug|Win32
		{B3397652-1A55-4423-940F-57A712175D57}.Release|x64.ActiveCfg = Release|x64
		{B3397652-1A55-4423-940F-57A712175D57}.Release|x64.Build.0 = Release|x64
		{B3397652-1A55-4423-940F-57A712175D57}.Release|x86.ActiveCfg = Release|Win32
		{B3397652-1A55-4423-940F-57A712175D57}.Release|x86.Build.0 = Release|Win32
	EndGlobalSection
	GlobalSection(SolutionProperties) = preSolution
		HideSolutionNode = FALSE
	EndGlobalSection
	GlobalSection(ExtensibilityGlobals) = postSolution
		SolutionGuid = {AE6D8383-F972-4612-A192-81D7199D5F71}
	EndGlobalSection
EndGlobal
